{
	"name": "ButtonOne",
	"version": "v1.0.0",
	"lockfileVersion": 1,
	"requires": true,
	"dependencies": {
		"@ant-design/colors": {
			"version": "6.0.0",
			"resolved": "https://registry.npmmirror.com/@ant-design/colors/-/colors-6.0.0.tgz",
			"integrity": "sha512-qAZRvPzfdWHtfameEGP2Qvuf838NhergR35o+EuVyB5XvSA98xod5r4utvi4TJ3ywmevm290g9nsCG5MryrdWQ==",
			"requires": {
				"@ctrl/tinycolor": "^3.4.0"
			}
		},
		"@ant-design/icons": {
			"version": "4.7.0",
			"resolved": "https://registry.npmmirror.com/@ant-design/icons/-/icons-4.7.0.tgz",
			"integrity": "sha512-aoB4Z7JA431rt6d4u+8xcNPPCrdufSRMUOpxa1ab6mz1JCQZOEVolj2WVs/tDFmN62zzK30mNelEsprLYsSF3g==",
			"requires": {
				"@ant-design/colors": "^6.0.0",
				"@ant-design/icons-svg": "^4.2.1",
				"@babel/runtime": "^7.11.2",
				"classnames": "^2.2.6",
				"rc-util": "^5.9.4"
			}
		},
		"@ant-design/icons-svg": {
			"version": "4.2.1",
			"resolved": "https://registry.npmmirror.com/@ant-design/icons-svg/-/icons-svg-4.2.1.tgz",
			"integrity": "sha512-EB0iwlKDGpG93hW8f85CTJTs4SvMX7tt5ceupvhALp1IF44SeUFOMhKUOYqpsoYWQKAOuTRDMqn75rEaKDp0Xw=="
		},
		"@ant-design/react-slick": {
			"version": "0.28.4",
			"resolved": "https://registry.npmmirror.com/@ant-design/react-slick/-/react-slick-0.28.4.tgz",
			"integrity": "sha512-j9eAHTn7GxbXUFNknJoHS2ceAsqrQi2j8XykjZE1IXCD8kJF+t28EvhBLniDpbOsBk/3kjalnhriTfZcjBHNqg==",
			"requires": {
				"@babel/runtime": "^7.10.4",
				"classnames": "^2.2.5",
				"json2mq": "^0.2.0",
				"lodash": "^4.17.21",
				"resize-observer-polyfill": "^1.5.0"
			}
		},
		"@babel/runtime": {
			"version": "7.17.7",
			"resolved": "https://registry.npmmirror.com/@babel/runtime/-/runtime-7.17.7.tgz",
			"integrity": "sha512-L6rvG9GDxaLgFjg41K+5Yv9OMrU98sWe+Ykmc6FDJW/+vYZMhdOMKkISgzptMaERHvS2Y2lw9MDRm2gHhlQQoA==",
			"requires": {
				"regenerator-runtime": "^0.13.4"
			}
		},
		"@ctrl/tinycolor": {
			"version": "3.4.0",
			"resolved": "https://registry.npmmirror.com/@ctrl/tinycolor/-/tinycolor-3.4.0.tgz",
			"integrity": "sha512-JZButFdZ1+/xAfpguQHoabIXkcqRRKpMrWKBkpEZZyxfY9C1DpADFB8PEqGSTeFr135SaTRfKqGKx5xSCLI7ZQ=="
		},
		"ajv": {
			"version": "4.11.8",
			"resolved": "https://registry.npmmirror.com/ajv/-/ajv-4.11.8.tgz",
			"integrity": "sha512-I/bSHSNEcFFqXLf91nchoNB9D1Kie3QKcWdchYUaoIg1+1bdWDkdfdlvdIOJbi9U8xR0y+MWc5D+won9v95WlQ==",
			"optional": true,
			"requires": {
				"co": "^4.6.0",
				"json-stable-stringify": "^1.0.1"
			}
		},
		"antd": {
			"version": "4.16.12",
			"resolved": "https://registry.npmmirror.com/antd/-/antd-4.16.12.tgz",
			"integrity": "sha512-vFptOyOo0EubF6sgdJdH8GwnphcZcxV2QG+znSUj4hMOzRI8a0p3XS2mvKpsS92bu4PBuvsc9wmNQNnOfh1GrA==",
			"requires": {
				"@ant-design/colors": "^6.0.0",
				"@ant-design/icons": "^4.6.3",
				"@ant-design/react-slick": "~0.28.1",
				"@babel/runtime": "^7.12.5",
				"array-tree-filter": "^2.1.0",
				"classnames": "^2.2.6",
				"copy-to-clipboard": "^3.2.0",
				"lodash": "^4.17.21",
				"moment": "^2.25.3",
				"rc-cascader": "~1.4.0",
				"rc-checkbox": "~2.3.0",
				"rc-collapse": "~3.1.0",
				"rc-dialog": "~8.6.0",
				"rc-drawer": "~4.3.0",
				"rc-dropdown": "~3.2.0",
				"rc-field-form": "~1.20.0",
				"rc-image": "~5.2.5",
				"rc-input-number": "~7.1.0",
				"rc-mentions": "~1.6.1",
				"rc-menu": "~9.0.12",
				"rc-motion": "^2.4.0",
				"rc-notification": "~4.5.7",
				"rc-pagination": "~3.1.9",
				"rc-picker": "~2.5.10",
				"rc-progress": "~3.1.0",
				"rc-rate": "~2.9.0",
				"rc-resize-observer": "^1.0.0",
				"rc-select": "~12.1.6",
				"rc-slider": "~9.7.1",
				"rc-steps": "~4.1.0",
				"rc-switch": "~3.2.0",
				"rc-table": "~7.15.1",
				"rc-tabs": "~11.10.0",
				"rc-textarea": "~0.3.0",
				"rc-tooltip": "~5.1.1",
				"rc-tree": "~4.2.1",
				"rc-tree-select": "~4.3.0",
				"rc-trigger": "^5.2.10",
				"rc-upload": "~4.3.0",
				"rc-util": "^5.13.1",
				"scroll-into-view-if-needed": "^2.2.25"
			}
		},
		"array-tree-filter": {
			"version": "2.1.0",
			"resolved": "https://registry.npmmirror.com/array-tree-filter/-/array-tree-filter-2.1.0.tgz",
			"integrity": "sha512-4ROwICNlNw/Hqa9v+rk5h22KjmzB1JGTMVKP2AKJBOCgb0yL0ASf0+YvCcLNNwquOHNX48jkeZIJ3a+oOQqKcw=="
		},
		"asap": {
			"version": "2.0.6",
			"resolved": "https://registry.npmmirror.com/asap/-/asap-2.0.6.tgz",
			"integrity": "sha512-BSHWgDSAiKs50o2Re8ppvp3seVHXSRM44cdSsT9FfNEUUZLOGWVCsiWaRPWM1Znn+mqZ1OfVZ3z3DWEzSp7hRA==",
			"optional": true
		},
		"asn1": {
			"version": "0.2.6",
			"resolved": "https://registry.npmmirror.com/asn1/-/asn1-0.2.6.tgz",
			"integrity": "sha512-ix/FxPn0MDjeyJ7i/yoHGFt/EX6LyNbxSEhPPXODPL+KB0VPk86UYfL0lMdy+KCnv+fmvIzySwaK5COwqVbWTQ==",
			"optional": true,
			"requires": {
				"safer-buffer": "~2.1.0"
			}
		},
		"assert-plus": {
			"version": "0.2.0",
			"resolved": "https://registry.npmmirror.com/assert-plus/-/assert-plus-0.2.0.tgz",
			"integrity": "sha512-u1L0ZLywRziOVjUhRxI0Qg9G+4RnFB9H/Rq40YWn0dieDgO7vAYeJz6jKAO6t/aruzlDFLAPkQTT87e+f8Imaw==",
			"optional": true
		},
		"async-validator": {
			"version": "3.5.2",
			"resolved": "https://registry.npmmirror.com/async-validator/-/async-validator-3.5.2.tgz",
			"integrity": "sha512-8eLCg00W9pIRZSB781UUX/H6Oskmm8xloZfr09lz5bikRpBVDlJ3hRVuxxP1SxcwsEYfJ4IU8Q19Y8/893r3rQ=="
		},
		"asynckit": {
			"version": "0.4.0",
			"resolved": "https://registry.npmmirror.com/asynckit/-/asynckit-0.4.0.tgz",
			"integrity": "sha512-Oei9OH4tRh0YqU3GxhX79dM/mwVgvbZJaSNaRk+bshkj0S5cfHcgYakreBjrHwatXKbz+IoIdYLxrKim2MjW0Q==",
			"optional": true
		},
		"aws-sign2": {
			"version": "0.6.0",
			"resolved": "https://registry.npmmirror.com/aws-sign2/-/aws-sign2-0.6.0.tgz",
			"integrity": "sha512-JnJpAS0p9RmixkOvW2XwDxxzs1bd4/VAGIl6Q0EC5YOo+p+hqIhtDhn/nmFnB/xUNXbLkpE2mOjgVIBRKD4xYw==",
			"optional": true
		},
		"aws4": {
			"version": "1.11.0",
			"resolved": "https://registry.npmmirror.com/aws4/-/aws4-1.11.0.tgz",
			"integrity": "sha512-xh1Rl34h6Fi1DC2WWKfxUTVqRsNnr6LsKz2+hfwDxQJWmrx8+c7ylaqBMcHfl1U1r2dsifOvKX3LQuLNZ+XSvA==",
			"optional": true
		},
		"bcrypt-pbkdf": {
			"version": "1.0.2",
			"resolved": "https://registry.npmmirror.com/bcrypt-pbkdf/-/bcrypt-pbkdf-1.0.2.tgz",
			"integrity": "sha512-qeFIXtP4MSoi6NLqO12WfqARWWuCKi2Rn/9hJLEmtB5yTNr9DqFWkJRCf2qShWzPeAMRnOgCrq0sg/KLv5ES9w==",
			"optional": true,
			"requires": {
				"tweetnacl": "^0.14.3"
			}
		},
		"boom": {
			"version": "2.10.1",
			"resolved": "https://registry.npmmirror.com/boom/-/boom-2.10.1.tgz",
			"integrity": "sha512-KbiZEa9/vofNcVJXGwdWWn25reQ3V3dHBWbS07FTF3/TOehLnm9GEhJV4T6ZvGPkShRpmUqYwnaCrkj0mRnP6Q==",
			"optional": true,
			"requires": {
				"hoek": "2.x.x"
			}
		},
		"caseless": {
			"version": "0.12.0",
			"resolved": "https://registry.npmmirror.com/caseless/-/caseless-0.12.0.tgz",
			"integrity": "sha512-4tYFyifaFfGacoiObjJegolkwSU4xQNGbVgUiNYVUxbQ2x2lUsFvY4hVgVzGiIe6WLOPqycWXA40l+PWsxthUw==",
			"optional": true
		},
		"classnames": {
			"version": "2.3.1",
			"resolved": "https://registry.npmmirror.com/classnames/-/classnames-2.3.1.tgz",
			"integrity": "sha512-OlQdbZ7gLfGarSqxesMesDa5uz7KFbID8Kpq/SxIoNGDqY8lSYs0D+hhtBXhcdB3rcbXArFr7vlHheLk1voeNA=="
		},
		"co": {
			"version": "4.6.0",
			"resolved": "https://registry.npmmirror.com/co/-/co-4.6.0.tgz",
			"integrity": "sha512-QVb0dM5HvG+uaxitm8wONl7jltx8dqhfU33DcqtOZcLSVIKSDDLDi7+0LbAKiyI8hD9u42m2YxXSkMGWThaecQ==",
			"optional": true
		},
		"combined-stream": {
			"version": "1.0.8",
			"resolved": "https://registry.npmmirror.com/combined-stream/-/combined-stream-1.0.8.tgz",
			"integrity": "sha512-FQN4MRfuJeHf7cBbBMJFXhKSDq+2kAArBlmRBvcvFE5BB1HZKXtSFASDhdlz9zOYwxh8lDdnvmMOe/+5cdoEdg==",
			"optional": true,
			"requires": {
				"delayed-stream": "~1.0.0"
			}
		},
		"compute-scroll-into-view": {
			"version": "1.0.17",
			"resolved": "https://registry.npmmirror.com/compute-scroll-into-view/-/compute-scroll-into-view-1.0.17.tgz",
			"integrity": "sha512-j4dx+Fb0URmzbwwMUrhqWM2BEWHdFGx+qZ9qqASHRPqvTYdqvWnHg0H1hIbcyLnvgnoNAVMlwkepyqM3DaIFUg=="
		},
		"copy-to-clipboard": {
			"version": "3.3.1",
			"resolved": "https://registry.npmmirror.com/copy-to-clipboard/-/copy-to-clipboard-3.3.1.tgz",
			"integrity": "sha512-i13qo6kIHTTpCm8/Wup+0b1mVWETvu2kIMzKoK8FpkLkFxlt0znUAHcMzox+T8sPlqtZXq3CulEjQHsYiGFJUw==",
			"requires": {
				"toggle-selection": "^1.0.6"
			}
		},
		"core-util-is": {
			"version": "1.0.2",
			"resolved": "https://registry.npmmirror.com/core-util-is/-/core-util-is-1.0.2.tgz",
			"integrity": "sha512-3lqz5YjWTYnW6dlDa5TLaTCcShfar1e40rmcJVwCBJC6mWlFuj0eCHIElmG1g5kyuJ/GD+8Wn4FFCcz4gJPfaQ==",
			"optional": true
		},
		"cryptiles": {
			"version": "2.0.5",
			"resolved": "https://registry.npmmirror.com/cryptiles/-/cryptiles-2.0.5.tgz",
			"integrity": "sha512-FFN5KwpvvQTTS5hWPxrU8/QE4kQUc6uwZcrnlMBN82t1MgAtq8mnoDwINBly9Tdr02seeIIhtdF+UH1feBYGog==",
			"optional": true,
			"requires": {
				"boom": "2.x.x"
			}
		},
		"dashdash": {
			"version": "1.14.1",
			"resolved": "https://registry.npmmirror.com/dashdash/-/dashdash-1.14.1.tgz",
			"integrity": "sha512-jRFi8UDGo6j+odZiEpjazZaWqEal3w/basFjQHQEwVtZJGDpxbH1MeYluwCS8Xq5wmLJooDlMgvVarmWfGM44g==",
			"optional": true,
			"requires": {
				"assert-plus": "^1.0.0"
			},
			"dependencies": {
				"assert-plus": {
					"version": "1.0.0",
					"resolved": "https://registry.npmmirror.com/assert-plus/-/assert-plus-1.0.0.tgz",
					"integrity": "sha512-NfJ4UzBCcQGLDlQq7nHxH+tv3kyZ0hHQqF5BO6J7tNJeP5do1llPr8dZ8zHonfhAu0PHAdMkSo+8o0wxg9lZWw==",
					"optional": true
				}
			}
		},
		"date-fns": {
			"version": "2.28.0",
			"resolved": "https://registry.npmmirror.com/date-fns/-/date-fns-2.28.0.tgz",
			"integrity": "sha512-8d35hViGYx/QH0icHYCeLmsLmMUheMmTyV9Fcm6gvNwdw31yXXH+O85sOBJ+OLnLQMKZowvpKb6FgMIQjcpvQw=="
		},
		"dayjs": {
			"version": "1.11.0",
			"resolved": "https://registry.npmmirror.com/dayjs/-/dayjs-1.11.0.tgz",
			"integrity": "sha512-JLC809s6Y948/FuCZPm5IX8rRhQwOiyMb2TfVVQEixG7P8Lm/gt5S7yoQZmC8x1UehI9Pb7sksEt4xx14m+7Ug=="
		},
		"delayed-stream": {
			"version": "1.0.0",
			"resolved": "https://registry.npmmirror.com/delayed-stream/-/delayed-stream-1.0.0.tgz",
			"integrity": "sha512-ZySD7Nf91aLB0RxL4KGrKHBXl7Eds1DAmEdcoVawXnLD7SDhpNgtuII2aAkg7a7QS41jxPSZ17p4VdGnMHk3MQ==",
			"optional": true
		},
		"dom-align": {
			"version": "1.12.2",
			"resolved": "https://registry.npmmirror.com/dom-align/-/dom-align-1.12.2.tgz",
			"integrity": "sha512-pHuazgqrsTFrGU2WLDdXxCFabkdQDx72ddkraZNih1KsMcN5qsRSTR9O4VJRlwTPCPb5COYg3LOfiMHHcPInHg=="
		},
		"ecc-jsbn": {
			"version": "0.1.2",
			"resolved": "https://registry.npmmirror.com/ecc-jsbn/-/ecc-jsbn-0.1.2.tgz",
			"integrity": "sha512-eh9O+hwRHNbG4BLTjEl3nw044CkGm5X6LoaCf7LPp7UU8Qrt47JYNi6nPX8xjW97TKGKm1ouctg0QSpZe9qrnw==",
			"optional": true,
			"requires": {
				"jsbn": "~0.1.0",
				"safer-buffer": "^2.1.0"
			}
		},
		"errno": {
			"version": "0.1.8",
			"resolved": "https://registry.npmmirror.com/errno/-/errno-0.1.8.tgz",
			"integrity": "sha512-dJ6oBr5SQ1VSd9qkk7ByRgb/1SH4JZjCHSW/mr63/QcXO9zLVxvJ6Oy13nio03rxpSnVDDjFor75SjVeZWPW/A==",
			"optional": true,
			"requires": {
				"prr": "~1.0.1"
			}
		},
		"extend": {
			"version": "3.0.2",
			"resolved": "https://registry.npmmirror.com/extend/-/extend-3.0.2.tgz",
			"integrity": "sha512-fjquC59cD7CyW6urNXK0FBufkZcoiGG80wTuPujX590cB5Ttln20E2UB4S/WARVqhXffZl2LNgS+gQdPIIim/g==",
			"optional": true
		},
		"extsprintf": {
			"version": "1.3.0",
			"resolved": "https://registry.npmmirror.com/extsprintf/-/extsprintf-1.3.0.tgz",
			"integrity": "sha512-11Ndz7Nv+mvAC1j0ktTa7fAb0vLyGGX+rMHNBYQviQDGU0Hw7lhctJANqbPhu9nV9/izT/IntTgZ7Im/9LJs9g==",
			"optional": true
		},
		"forever-agent": {
			"version": "0.6.1",
			"resolved": "https://registry.npmmirror.com/forever-agent/-/forever-agent-0.6.1.tgz",
			"integrity": "sha512-j0KLYPhm6zeac4lz3oJ3o65qvgQCcPubiyotZrXqEaG4hNagNYO8qdlUrX5vwqv9ohqeT/Z3j6+yW067yWWdUw==",
			"optional": true
		},
		"form-data": {
			"version": "2.1.4",
			"resolved": "https://registry.npmmirror.com/form-data/-/form-data-2.1.4.tgz",
			"integrity": "sha512-8HWGSLAPr+AG0hBpsqi5Ob8HrLStN/LWeqhpFl14d7FJgHK48TmgLoALPz69XSUR65YJzDfLUX/BM8+MLJLghQ==",
			"optional": true,
			"requires": {
				"asynckit": "^0.4.0",
				"combined-stream": "^1.0.5",
				"mime-types": "^2.1.12"
			}
		},
		"getpass": {
			"version": "0.1.7",
			"resolved": "https://registry.npmmirror.com/getpass/-/getpass-0.1.7.tgz",
			"integrity": "sha512-0fzj9JxOLfJ+XGLhR8ze3unN0KZCgZwiSSDz168VERjK8Wl8kVSdcu2kspd4s4wtAa1y/qrVRiAA0WclVsu0ng==",
			"optional": true,
			"requires": {
				"assert-plus": "^1.0.0"
			},
			"dependencies": {
				"assert-plus": {
					"version": "1.0.0",
					"resolved": "https://registry.npmmirror.com/assert-plus/-/assert-plus-1.0.0.tgz",
					"integrity": "sha512-NfJ4UzBCcQGLDlQq7nHxH+tv3kyZ0hHQqF5BO6J7tNJeP5do1llPr8dZ8zHonfhAu0PHAdMkSo+8o0wxg9lZWw==",
					"optional": true
				}
			}
		},
		"graceful-fs": {
			"version": "4.2.9",
			"resolved": "https://registry.npmmirror.com/graceful-fs/-/graceful-fs-4.2.9.tgz",
			"integrity": "sha512-NtNxqUcXgpW2iMrfqSfR73Glt39K+BLwWsPs94yR63v45T0Wbej7eRmL5cWfwEgqXnmjQp3zaJTshdRW/qC2ZQ==",
			"optional": true
		},
		"har-schema": {
			"version": "1.0.5",
			"resolved": "https://registry.npmmirror.com/har-schema/-/har-schema-1.0.5.tgz",
			"integrity": "sha512-f8xf2GOR6Rgwc9FPTLNzgwB+JQ2/zMauYXSWmX5YV5acex6VomT0ocSuwR7BfXo5MpHi+jL+saaux2fwsGJDKQ==",
			"optional": true
		},
		"har-validator": {
			"version": "4.2.1",
			"resolved": "https://registry.npmmirror.com/har-validator/-/har-validator-4.2.1.tgz",
			"integrity": "sha512-5Gbp6RAftMYYV3UEI4c4Vv3+a4dQ7taVyvHt+/L6kRt+f4HX1GweAk5UDWN0SvdVnRBzGQ6OG89pGaD9uSFnVw==",
			"optional": true,
			"requires": {
				"ajv": "^4.9.1",
				"har-schema": "^1.0.5"
			}
		},
		"hawk": {
			"version": "3.1.3",
			"resolved": "https://registry.npmmirror.com/hawk/-/hawk-3.1.3.tgz",
			"integrity": "sha512-X8xbmTc1cbPXcQV4WkLcRMALuyoxhfpFATmyuCxJPOAvrDS4DNnsTAOmKUxMTOWU6TzrTOkxPKwIx5ZOpJVSrg==",
			"optional": true,
			"requires": {
				"boom": "2.x.x",
				"cryptiles": "2.x.x",
				"hoek": "2.x.x",
				"sntp": "1.x.x"
			}
		},
		"hoek": {
			"version": "2.16.3",
			"resolved": "https://registry.npmmirror.com/hoek/-/hoek-2.16.3.tgz",
			"integrity": "sha512-V6Yw1rIcYV/4JsnggjBU0l4Kr+EXhpwqXRusENU1Xx6ro00IHPHYNynCuBTOZAPlr3AAmLvchH9I7N/VUdvOwQ==",
			"optional": true
		},
		"http-signature": {
			"version": "1.1.1",
			"resolved": "https://registry.npmmirror.com/http-signature/-/http-signature-1.1.1.tgz",
			"integrity": "sha512-iUn0NcRULlDGtqNLN1Jxmzayk8ogm7NToldASyZBpM2qggbphjXzNOiw3piN8tgz+e/DRs6X5gAzFwTI6BCRcg==",
			"optional": true,
			"requires": {
				"assert-plus": "^0.2.0",
				"jsprim": "^1.2.2",
				"sshpk": "^1.7.0"
			}
		},
		"image-size": {
			"version": "0.5.5",
			"resolved": "https://registry.npmmirror.com/image-size/-/image-size-0.5.5.tgz",
			"integrity": "sha512-6TDAlDPZxUFCv+fuOkIoXT/V/f3Qbq8e37p+YOiYrUv3v9cc3/6x78VdfPgFVaB9dZYeLUfKgHRebpkm/oP2VQ==",
			"optional": true
		},
		"is-typedarray": {
			"version": "1.0.0",
			"resolved": "https://registry.npmmirror.com/is-typedarray/-/is-typedarray-1.0.0.tgz",
			"integrity": "sha512-cyA56iCMHAh5CdzjJIa4aohJyeO1YbwLi3Jc35MmRU6poroFjIGZzUzupGiRPOjgHg9TLu43xbpwXk523fMxKA==",
			"optional": true
		},
		"isstream": {
			"version": "0.1.2",
			"resolved": "https://registry.npmmirror.com/isstream/-/isstream-0.1.2.tgz",
			"integrity": "sha512-Yljz7ffyPbrLpLngrMtZ7NduUgVvi6wG9RJ9IUcyCd59YQ911PBJphODUcbOVbqYfxe1wuYf/LJ8PauMRwsM/g==",
			"optional": true
		},
		"js-tokens": {
			"version": "4.0.0",
			"resolved": "https://registry.npmmirror.com/js-tokens/-/js-tokens-4.0.0.tgz",
			"integrity": "sha512-RdJUflcE3cUzKiMqQgsCu06FPu9UdIJO0beYbPhHN4k6apgJtifcoCtT9bcxOpYBtpD2kCM6Sbzg4CausW/PKQ=="
		},
		"jsbn": {
			"version": "0.1.1",
			"resolved": "https://registry.npmmirror.com/jsbn/-/jsbn-0.1.1.tgz",
			"integrity": "sha512-UVU9dibq2JcFWxQPA6KCqj5O42VOmAY3zQUfEKxU0KpTGXwNoCjkX1e13eHNvw/xPynt6pU0rZ1htjWTNTSXsg==",
			"optional": true
		},
		"json-schema": {
			"version": "0.4.0",
			"resolved": "https://registry.npmmirror.com/json-schema/-/json-schema-0.4.0.tgz",
			"integrity": "sha512-es94M3nTIfsEPisRafak+HDLfHXnKBhV3vU5eqPcS3flIWqcxJWgXHXiey3YrpaNsanY5ei1VoYEbOzijuq9BA==",
			"optional": true
		},
		"json-stable-stringify": {
			"version": "1.0.1",
			"resolved": "https://registry.npmmirror.com/json-stable-stringify/-/json-stable-stringify-1.0.1.tgz",
			"integrity": "sha512-i/J297TW6xyj7sDFa7AmBPkQvLIxWr2kKPWI26tXydnZrzVAocNqn5DMNT1Mzk0vit1V5UkRM7C1KdVNp7Lmcg==",
			"optional": true,
			"requires": {
				"jsonify": "~0.0.0"
			}
		},
		"json-stringify-safe": {
			"version": "5.0.1",
			"resolved": "https://registry.npmmirror.com/json-stringify-safe/-/json-stringify-safe-5.0.1.tgz",
			"integrity": "sha512-ZClg6AaYvamvYEE82d3Iyd3vSSIjQ+odgjaTzRuO3s7toCdFKczob2i0zCh7JE8kWn17yvAWhUVxvqGwUalsRA==",
			"optional": true
		},
		"json2mq": {
			"version": "0.2.0",
			"resolved": "https://registry.npmmirror.com/json2mq/-/json2mq-0.2.0.tgz",
			"integrity": "sha512-SzoRg7ux5DWTII9J2qkrZrqV1gt+rTaoufMxEzXbS26Uid0NwaJd123HcoB80TgubEppxxIGdNxCx50fEoEWQA==",
			"requires": {
				"string-convert": "^0.2.0"
			}
		},
		"jsonify": {
			"version": "0.0.0",
			"resolved": "https://registry.npmmirror.com/jsonify/-/jsonify-0.0.0.tgz",
			"integrity": "sha512-trvBk1ki43VZptdBI5rIlG4YOzyeH/WefQt5rj1grasPn4iiZWKet8nkgc4GlsAylaztn0qZfUYOiTsASJFdNA==",
			"optional": true
		},
		"jsprim": {
			"version": "1.4.2",
			"resolved": "https://registry.npmmirror.com/jsprim/-/jsprim-1.4.2.tgz",
			"integrity": "sha512-P2bSOMAc/ciLz6DzgjVlGJP9+BrJWu5UDGK70C2iweC5QBIeFf0ZXRvGjEj2uYgrY2MkAAhsSWHDWlFtEroZWw==",
			"optional": true,
			"requires": {
				"assert-plus": "1.0.0",
				"extsprintf": "1.3.0",
				"json-schema": "0.4.0",
				"verror": "1.10.0"
			},
			"dependencies": {
				"assert-plus": {
					"version": "1.0.0",
					"resolved": "https://registry.npmmirror.com/assert-plus/-/assert-plus-1.0.0.tgz",
					"integrity": "sha512-NfJ4UzBCcQGLDlQq7nHxH+tv3kyZ0hHQqF5BO6J7tNJeP5do1llPr8dZ8zHonfhAu0PHAdMkSo+8o0wxg9lZWw==",
					"optional": true
				}
			}
		},
		"less": {
			"version": "2.7.3",
			"resolved": "https://registry.npmmirror.com/less/-/less-2.7.3.tgz",
			"integrity": "sha512-KPdIJKWcEAb02TuJtaLrhue0krtRLoRoo7x6BNJIBelO00t/CCdJQUnHW5V34OnHMWzIktSalJxRO+FvytQlCQ==",
			"requires": {
				"errno": "^0.1.1",
				"graceful-fs": "^4.1.2",
				"image-size": "~0.5.0",
				"mime": "^1.2.11",
				"mkdirp": "^0.5.0",
				"promise": "^7.1.1",
				"request": "2.81.0",
				"source-map": "^0.5.3"
			}
		},
		"lodash": {
			"version": "4.17.21",
			"resolved": "https://registry.npmmirror.com/lodash/-/lodash-4.17.21.tgz",
			"integrity": "sha512-v2kDEe57lecTulaDIuNTPy3Ry4gLGJ6Z1O3vE1krgXZNrsQ+LFTGHVxVjcXPs17LhbZVGedAJv8XZ1tvj5FvSg=="
		},
		"loose-envify": {
			"version": "1.4.0",
			"resolved": "https://registry.npmmirror.com/loose-envify/-/loose-envify-1.4.0.tgz",
			"integrity": "sha512-lyuxPGr/Wfhrlem2CL/UcnUc1zcqKAImBDzukY7Y5F/yQiNdko6+fRLevlw1HgMySw7f611UIY408EtxRSoK3Q==",
			"requires": {
				"js-tokens": "^3.0.0 || ^4.0.0"
			}
		},
		"mime": {
			"version": "1.6.0",
			"resolved": "https://registry.npmmirror.com/mime/-/mime-1.6.0.tgz",
			"integrity": "sha512-x0Vn8spI+wuJ1O6S7gnbaQg8Pxh4NNHb7KSINmEWKiPE4RKOplvijn+NkmYmmRgP68mc70j2EbeTFRsrswaQeg==",
			"optional": true
		},
		"mime-db": {
			"version": "1.52.0",
			"resolved": "https://registry.npmmirror.com/mime-db/-/mime-db-1.52.0.tgz",
			"integrity": "sha512-sPU4uV7dYlvtWJxwwxHD0PuihVNiE7TyAbQ5SWxDCB9mUYvOgroQOwYQQOKPJ8CIbE+1ETVlOoK1UC2nU3gYvg==",
			"optional": true
		},
		"mime-types": {
			"version": "2.1.35",
			"resolved": "https://registry.npmmirror.com/mime-types/-/mime-types-2.1.35.tgz",
			"integrity": "sha512-ZDY+bPm5zTTF+YpCrAU9nK0UgICYPT0QtT1NZWFv4s++TNkcgVaT0g6+4R2uI4MjQjzysHB1zxuWL50hzaeXiw==",
			"optional": true,
			"requires": {
				"mime-db": "1.52.0"
			}
		},
		"minimist": {
			"version": "1.2.5",
			"resolved": "https://registry.npmmirror.com/minimist/-/minimist-1.2.5.tgz",
			"integrity": "sha512-FM9nNUYrRBAELZQT3xeZQ7fmMOBg6nWNmJKTcgsJeaLstP/UODVpGsr5OhXhhXg6f+qtJ8uiZ+PUxkDWcgIXLw==",
			"optional": true
		},
		"mkdirp": {
			"version": "0.5.5",
			"resolved": "https://registry.npmmirror.com/mkdirp/-/mkdirp-0.5.5.tgz",
			"integrity": "sha512-NKmAlESf6jMGym1++R0Ra7wvhV+wFW63FaSOFPwRahvea0gMUcGUhVeAg/0BC0wiv9ih5NYPB1Wn1UEI1/L+xQ==",
			"optional": true,
			"requires": {
				"minimist": "^1.2.5"
			}
		},
		"moment": {
			"version": "2.29.1",
			"resolved": "https://registry.npmmirror.com/moment/-/moment-2.29.1.tgz",
			"integrity": "sha512-kHmoybcPV8Sqy59DwNDY3Jefr64lK/by/da0ViFcuA4DH0vQg5Q6Ze5VimxkfQNSC+Mls/Kx53s7TjP1RhFEDQ=="
		},
		"oauth-sign": {
			"version": "0.8.2",
			"resolved": "https://registry.npmmirror.com/oauth-sign/-/oauth-sign-0.8.2.tgz",
			"integrity": "sha512-VlF07iu3VV3+BTXj43Nmp6Irt/G7j/NgEctUS6IweH1RGhURjjCc2NWtzXFPXXWWfc7hgbXQdtiQu2LGp6MxUg==",
			"optional": true
		},
		"performance-now": {
			"version": "0.2.0",
			"resolved": "https://registry.npmmirror.com/performance-now/-/performance-now-0.2.0.tgz",
			"integrity": "sha512-YHk5ez1hmMR5LOkb9iJkLKqoBlL7WD5M8ljC75ZfzXriuBIVNuecaXuU7e+hOwyqf24Wxhh7Vxgt7Hnw9288Tg==",
			"optional": true
		},
		"promise": {
			"version": "7.3.1",
			"resolved": "https://registry.npmmirror.com/promise/-/promise-7.3.1.tgz",
			"integrity": "sha512-nolQXZ/4L+bP/UGlkfaIujX9BKxGwmQ9OT4mOt5yvy8iK1h3wqTEJCijzGANTCCl9nWjY41juyAn2K3Q1hLLTg==",
			"optional": true,
			"requires": {
				"asap": "~2.0.3"
			}
		},
		"prr": {
			"version": "1.0.1",
			"resolved": "https://registry.npmmirror.com/prr/-/prr-1.0.1.tgz",
			"integrity": "sha512-yPw4Sng1gWghHQWj0B3ZggWUm4qVbPwPFcRG8KyxiU7J2OHFSoEHKS+EZ3fv5l1t9CyCiop6l/ZYeWbrgoQejw==",
			"optional": true
		},
		"punycode": {
			"version": "1.4.1",
			"resolved": "https://registry.npmmirror.com/punycode/-/punycode-1.4.1.tgz",
			"integrity": "sha512-jmYNElW7yvO7TV33CjSmvSiE2yco3bV2czu/OzDKdMNVZQWfxCblURLhf+47syQRBntjfLdd/H0egrzIG+oaFQ==",
			"optional": true
		},
		"qs": {
			"version": "6.4.1",
			"resolved": "https://registry.npmmirror.com/qs/-/qs-6.4.1.tgz",
			"integrity": "sha512-LQy1Q1fcva/UsnP/6Iaa4lVeM49WiOitu2T4hZCyA/elLKu37L99qcBJk4VCCk+rdLvnMzfKyiN3SZTqdAZGSQ==",
			"optional": true
		},
		"rc-align": {
			"version": "4.0.11",
			"resolved": "https://registry.npmmirror.com/rc-align/-/rc-align-4.0.11.tgz",
			"integrity": "sha512-n9mQfIYQbbNTbefyQnRHZPWuTEwG1rY4a9yKlIWHSTbgwI+XUMGRYd0uJ5pE2UbrNX0WvnMBA1zJ3Lrecpra/A==",
			"requires": {
				"@babel/runtime": "^7.10.1",
				"classnames": "2.x",
				"dom-align": "^1.7.0",
				"lodash": "^4.17.21",
				"rc-util": "^5.3.0",
				"resize-observer-polyfill": "^1.5.1"
			}
		},
		"rc-cascader": {
			"version": "1.4.3",
			"resolved": "https://registry.npmmirror.com/rc-cascader/-/rc-cascader-1.4.3.tgz",
			"integrity": "sha512-Q4l9Mv8aaISJ+giVnM9IaXxDeMqHUGLvi4F+LksS6pHlaKlN4awop/L+IMjIXpL+ug/ojaCyv/ixcVopJYYCVA==",
			"requires": {
				"@babel/runtime": "^7.12.5",
				"array-tree-filter": "^2.1.0",
				"rc-trigger": "^5.0.4",
				"rc-util": "^5.0.1",
				"warning": "^4.0.1"
			}
		},
		"rc-checkbox": {
			"version": "2.3.2",
			"resolved": "https://registry.npmmirror.com/rc-checkbox/-/rc-checkbox-2.3.2.tgz",
			"integrity": "sha512-afVi1FYiGv1U0JlpNH/UaEXdh6WUJjcWokj/nUN2TgG80bfG+MDdbfHKlLcNNba94mbjy2/SXJ1HDgrOkXGAjg==",
			"requires": {
				"@babel/runtime": "^7.10.1",
				"classnames": "^2.2.1"
			}
		},
		"rc-collapse": {
			"version": "3.1.2",
			"resolved": "https://registry.npmmirror.com/rc-collapse/-/rc-collapse-3.1.2.tgz",
			"integrity": "sha512-HujcKq7mghk/gVKeI6EjzTbb8e19XUZpakrYazu1MblEZ3Hu3WBMSN4A3QmvbF6n1g7x6lUlZvsHZ5shABWYOQ==",
			"requires": {
				"@babel/runtime": "^7.10.1",
				"classnames": "2.x",
				"rc-motion": "^2.3.4",
				"rc-util": "^5.2.1",
				"shallowequal": "^1.1.0"
			}
		},
		"rc-dialog": {
			"version": "8.6.0",
			"resolved": "https://registry.npmmirror.com/rc-dialog/-/rc-dialog-8.6.0.tgz",
			"integrity": "sha512-GSbkfqjqxpZC5/zc+8H332+q5l/DKUhpQr0vdX2uDsxo5K0PhvaMEVjyoJUTkZ3+JstEADQji1PVLVb/2bJeOQ==",
			"requires": {
				"@babel/runtime": "^7.10.1",
				"classnames": "^2.2.6",
				"rc-motion": "^2.3.0",
				"rc-util": "^5.6.1"
			}
		},
		"rc-drawer": {
			"version": "4.3.1",
			"resolved": "https://registry.npmmirror.com/rc-drawer/-/rc-drawer-4.3.1.tgz",
			"integrity": "sha512-GMfFy4maqxS9faYXEhQ+0cA1xtkddEQzraf6SAdzWbn444DrrLogwYPk1NXSpdXjLCLxgxOj9MYtyYG42JsfXg==",
			"requires": {
				"@babel/runtime": "^7.10.1",
				"classnames": "^2.2.6",
				"rc-util": "^5.7.0"
			}
		},
		"rc-dropdown": {
			"version": "3.2.5",
			"resolved": "https://registry.npmmirror.com/rc-dropdown/-/rc-dropdown-3.2.5.tgz",
			"integrity": "sha512-dVO2eulOSbEf+F4OyhCY5iGiMVhUYY/qeXxL7Ex2jDBt/xc89jU07mNoowV6aWxwVOc70pxEINff0oM2ogjluA==",
			"requires": {
				"@babel/runtime": "^7.10.1",
				"classnames": "^2.2.6",
				"rc-trigger": "^5.0.4"
			}
		},
		"rc-field-form": {
			"version": "1.20.1",
			"resolved": "https://registry.npmmirror.com/rc-field-form/-/rc-field-form-1.20.1.tgz",
			"integrity": "sha512-f64KEZop7zSlrG4ef/PLlH12SLn6iHDQ3sTG+RfKBM45hikwV1i8qMf53xoX12NvXXWg1VwchggX/FSso4bWaA==",
			"requires": {
				"@babel/runtime": "^7.8.4",
				"async-validator": "^3.0.3",
				"rc-util": "^5.8.0"
			}
		},
		"rc-image": {
			"version": "5.2.5",
			"resolved": "https://registry.npmmirror.com/rc-image/-/rc-image-5.2.5.tgz",
			"integrity": "sha512-qUfZjYIODxO0c8a8P5GeuclYXZjzW4hV/5hyo27XqSFo1DmTCs2HkVeQObkcIk5kNsJtgsj1KoPThVsSc/PXOw==",
			"requires": {
				"@babel/runtime": "^7.11.2",
				"classnames": "^2.2.6",
				"rc-dialog": "~8.6.0",
				"rc-util": "^5.0.6"
			}
		},
		"rc-input-number": {
			"version": "7.1.4",
			"resolved": "https://registry.npmmirror.com/rc-input-number/-/rc-input-number-7.1.4.tgz",
			"integrity": "sha512-EG4iqkqyqzLRu/Dq+fw2od7nlgvXLEatE+J6uhi3HXE1qlM3C7L6a7o/hL9Ly9nimkES2IeQoj3Qda3I0izj3Q==",
			"requires": {
				"@babel/runtime": "^7.10.1",
				"classnames": "^2.2.5",
				"rc-util": "^5.9.8"
			}
		},
		"rc-mentions": {
			"version": "1.6.4",
			"resolved": "https://registry.npmmirror.com/rc-mentions/-/rc-mentions-1.6.4.tgz",
			"integrity": "sha512-fhY6i39oATTW0F3+zXJKc2wyFVGu14j/HT0eQKf963JBwunuTRXpwbsB4XxxNjl3ZyV6KecPCfRGBAHR8cLHnQ==",
			"requires": {
				"@babel/runtime": "^7.10.1",
				"classnames": "^2.2.6",
				"rc-menu": "^9.0.0",
				"rc-textarea": "^0.3.0",
				"rc-trigger": "^5.0.4",
				"rc-util": "^5.0.1"
			}
		},
		"rc-menu": {
			"version": "9.0.14",
			"resolved": "https://registry.npmmirror.com/rc-menu/-/rc-menu-9.0.14.tgz",
			"integrity": "sha512-CIox5mZeLDAi32SlHrV7UeSjv7tmJJhwRyxQtZCKt351w3q59XlL4WMFOmtT9gwIfP9h0XoxdBZUMe/xzkp78A==",
			"requires": {
				"@babel/runtime": "^7.10.1",
				"classnames": "2.x",
				"rc-motion": "^2.4.3",
				"rc-overflow": "^1.2.0",
				"rc-trigger": "^5.1.2",
				"rc-util": "^5.12.0",
				"shallowequal": "^1.1.0"
			}
		},
		"rc-motion": {
			"version": "2.4.6",
			"resolved": "https://registry.npmmirror.com/rc-motion/-/rc-motion-2.4.6.tgz",
			"integrity": "sha512-nXIHve2EDQZ8BFHfgJI3HYMMOZ7HGsolCfA9ozP99/gc1UqpgKys1TYrQWdXa2trff0V3JLhgn2zz+w9VsyktA==",
			"requires": {
				"@babel/runtime": "^7.11.1",
				"classnames": "^2.2.1",
				"rc-util": "^5.19.2"
			}
		},
		"rc-notification": {
			"version": "4.5.7",
			"resolved": "https://registry.npmmirror.com/rc-notification/-/rc-notification-4.5.7.tgz",
			"integrity": "sha512-zhTGUjBIItbx96SiRu3KVURcLOydLUHZCPpYEn1zvh+re//Tnq/wSxN4FKgp38n4HOgHSVxcLEeSxBMTeBBDdw==",
			"requires": {
				"@babel/runtime": "^7.10.1",
				"classnames": "2.x",
				"rc-motion": "^2.2.0",
				"rc-util": "^5.0.1"
			}
		},
		"rc-overflow": {
			"version": "1.2.4",
			"resolved": "https://registry.npmmirror.com/rc-overflow/-/rc-overflow-1.2.4.tgz",
			"integrity": "sha512-nIeelyYfdS+mQBK1++FisLZEvZ8xVAzC+duG+TC4TmqNN+kTHraiGntV9/zxDGA1ruyQ91YRJ549JjFodCBnsw==",
			"requires": {
				"@babel/runtime": "^7.11.1",
				"classnames": "^2.2.1",
				"rc-resize-observer": "^1.0.0",
				"rc-util": "^5.19.2"
			}
		},
		"rc-pagination": {
			"version": "3.1.15",
			"resolved": "https://registry.npmmirror.com/rc-pagination/-/rc-pagination-3.1.15.tgz",
			"integrity": "sha512-4L3fot8g4E+PjWEgoVGX0noFCg+8ZFZmeLH4vsnZpB3O2T2zThtakjNxG+YvSaYtyMVT4B+GLayjKrKbXQpdAg==",
			"requires": {
				"@babel/runtime": "^7.10.1",
				"classnames": "^2.2.1"
			}
		},
		"rc-picker": {
			"version": "2.5.19",
			"resolved": "https://registry.npmmirror.com/rc-picker/-/rc-picker-2.5.19.tgz",
			"integrity": "sha512-u6myoCu/qiQ0vLbNzSzNrzTQhs7mldArCpPHrEI6OUiifs+IPXmbesqSm0zilJjfzrZJLgYeyyOMSznSlh0GKA==",
			"requires": {
				"@babel/runtime": "^7.10.1",
				"classnames": "^2.2.1",
				"date-fns": "2.x",
				"dayjs": "1.x",
				"moment": "^2.24.0",
				"rc-trigger": "^5.0.4",
				"rc-util": "^5.4.0",
				"shallowequal": "^1.1.0"
			}
		},
		"rc-progress": {
			"version": "3.1.4",
			"resolved": "https://registry.npmmirror.com/rc-progress/-/rc-progress-3.1.4.tgz",
			"integrity": "sha512-XBAif08eunHssGeIdxMXOmRQRULdHaDdIFENQ578CMb4dyewahmmfJRyab+hw4KH4XssEzzYOkAInTLS7JJG+Q==",
			"requires": {
				"@babel/runtime": "^7.10.1",
				"classnames": "^2.2.6"
			}
		},
		"rc-rate": {
			"version": "2.9.1",
			"resolved": "https://registry.npmmirror.com/rc-rate/-/rc-rate-2.9.1.tgz",
			"integrity": "sha512-MmIU7FT8W4LYRRHJD1sgG366qKtSaKb67D0/vVvJYR0lrCuRrCiVQ5qhfT5ghVO4wuVIORGpZs7ZKaYu+KMUzA==",
			"requires": {
				"@babel/runtime": "^7.10.1",
				"classnames": "^2.2.5",
				"rc-util": "^5.0.1"
			}
		},
		"rc-resize-observer": {
			"version": "1.2.0",
			"resolved": "https://registry.npmmirror.com/rc-resize-observer/-/rc-resize-observer-1.2.0.tgz",
			"integrity": "sha512-6W+UzT3PyDM0wVCEHfoW3qTHPTvbdSgiA43buiy8PzmeMnfgnDeb9NjdimMXMl3/TcrvvWl5RRVdp+NqcR47pQ==",
			"requires": {
				"@babel/runtime": "^7.10.1",
				"classnames": "^2.2.1",
				"rc-util": "^5.15.0",
				"resize-observer-polyfill": "^1.5.1"
			}
		},
		"rc-select": {
			"version": "12.1.13",
			"resolved": "https://registry.npmmirror.com/rc-select/-/rc-select-12.1.13.tgz",
			"integrity": "sha512-cPI+aesP6dgCAaey4t4upDbEukJe+XN0DK6oO/6flcCX5o28o7KNZD7JAiVtC/6fCwqwI/kSs7S/43dvHmBl+A==",
			"requires": {
				"@babel/runtime": "^7.10.1",
				"classnames": "2.x",
				"rc-motion": "^2.0.1",
				"rc-overflow": "^1.0.0",
				"rc-trigger": "^5.0.4",
				"rc-util": "^5.9.8",
				"rc-virtual-list": "^3.2.0"
			}
		},
		"rc-slider": {
			"version": "9.7.5",
			"resolved": "https://registry.npmmirror.com/rc-slider/-/rc-slider-9.7.5.tgz",
			"integrity": "sha512-LV/MWcXFjco1epPbdw1JlLXlTgmWpB9/Y/P2yinf8Pg3wElHxA9uajN21lJiWtZjf5SCUekfSP6QMJfDo4t1hg==",
			"requires": {
				"@babel/runtime": "^7.10.1",
				"classnames": "^2.2.5",
				"rc-tooltip": "^5.0.1",
				"rc-util": "^5.16.1",
				"shallowequal": "^1.1.0"
			}
		},
		"rc-steps": {
			"version": "4.1.4",
			"resolved": "https://registry.npmmirror.com/rc-steps/-/rc-steps-4.1.4.tgz",
			"integrity": "sha512-qoCqKZWSpkh/b03ASGx1WhpKnuZcRWmvuW+ZUu4mvMdfvFzVxblTwUM+9aBd0mlEUFmt6GW8FXhMpHkK3Uzp3w==",
			"requires": {
				"@babel/runtime": "^7.10.2",
				"classnames": "^2.2.3",
				"rc-util": "^5.0.1"
			}
		},
		"rc-switch": {
			"version": "3.2.2",
			"resolved": "https://registry.npmmirror.com/rc-switch/-/rc-switch-3.2.2.tgz",
			"integrity": "sha512-+gUJClsZZzvAHGy1vZfnwySxj+MjLlGRyXKXScrtCTcmiYNPzxDFOxdQ/3pK1Kt/0POvwJ/6ALOR8gwdXGhs+A==",
			"requires": {
				"@babel/runtime": "^7.10.1",
				"classnames": "^2.2.1",
				"rc-util": "^5.0.1"
			}
		},
		"rc-table": {
			"version": "7.15.2",
			"resolved": "https://registry.npmmirror.com/rc-table/-/rc-table-7.15.2.tgz",
			"integrity": "sha512-TAs7kCpIZwc2mtvD8CMrXSM6TqJDUsy0rUEV1YgRru33T8bjtAtc+9xW/KC1VWROJlHSpU0R0kXjFs9h/6+IzQ==",
			"requires": {
				"@babel/runtime": "^7.10.1",
				"classnames": "^2.2.5",
				"rc-resize-observer": "^1.0.0",
				"rc-util": "^5.13.0",
				"shallowequal": "^1.1.0"
			}
		},
		"rc-tabs": {
			"version": "11.10.7",
			"resolved": "https://registry.npmmirror.com/rc-tabs/-/rc-tabs-11.10.7.tgz",
			"integrity": "sha512-7IKmcU7QU3CdYnJTabeXs2DDeLiXLyALC8fvOtgyWWFXUD47G5vG+4bFO3f9+AI+rcFAPpfwapZbXxgmiRuWYQ==",
			"requires": {
				"@babel/runtime": "^7.11.2",
				"classnames": "2.x",
				"rc-dropdown": "^3.2.0",
				"rc-menu": "^9.0.0",
				"rc-resize-observer": "^1.0.0",
				"rc-util": "^5.5.0"
			}
		},
		"rc-textarea": {
			"version": "0.3.7",
			"resolved": "https://registry.npmmirror.com/rc-textarea/-/rc-textarea-0.3.7.tgz",
			"integrity": "sha512-yCdZ6binKmAQB13hc/oehh0E/QRwoPP1pjF21aHBxlgXO3RzPF6dUu4LG2R4FZ1zx/fQd2L1faktulrXOM/2rw==",
			"requires": {
				"@babel/runtime": "^7.10.1",
				"classnames": "^2.2.1",
				"rc-resize-observer": "^1.0.0",
				"rc-util": "^5.7.0",
				"shallowequal": "^1.1.0"
			}
		},
		"rc-tooltip": {
			"version": "5.1.1",
			"resolved": "https://registry.npmmirror.com/rc-tooltip/-/rc-tooltip-5.1.1.tgz",
			"integrity": "sha512-alt8eGMJulio6+4/uDm7nvV+rJq9bsfxFDCI0ljPdbuoygUscbsMYb6EQgwib/uqsXQUvzk+S7A59uYHmEgmDA==",
			"requires": {
				"@babel/runtime": "^7.11.2",
				"rc-trigger": "^5.0.0"
			}
		},
		"rc-tree": {
			"version": "4.2.2",
			"resolved": "https://registry.npmmirror.com/rc-tree/-/rc-tree-4.2.2.tgz",
			"integrity": "sha512-V1hkJt092VrOVjNyfj5IYbZKRMHxWihZarvA5hPL/eqm7o2+0SNkeidFYm7LVVBrAKBpOpa0l8xt04uiqOd+6w==",
			"requires": {
				"@babel/runtime": "^7.10.1",
				"classnames": "2.x",
				"rc-motion": "^2.0.1",
				"rc-util": "^5.0.0",
				"rc-virtual-list": "^3.0.1"
			}
		},
		"rc-tree-select": {
			"version": "4.3.3",
			"resolved": "https://registry.npmmirror.com/rc-tree-select/-/rc-tree-select-4.3.3.tgz",
			"integrity": "sha512-0tilOHLJA6p+TNg4kD559XnDX3PTEYuoSF7m7ryzFLAYvdEEPtjn0QZc5z6L0sMKBiBlj8a2kf0auw8XyHU3lA==",
			"requires": {
				"@babel/runtime": "^7.10.1",
				"classnames": "2.x",
				"rc-select": "^12.0.0",
				"rc-tree": "^4.0.0",
				"rc-util": "^5.0.5"
			}
		},
		"rc-trigger": {
			"version": "5.2.11",
			"resolved": "https://registry.npmmirror.com/rc-trigger/-/rc-trigger-5.2.11.tgz",
			"integrity": "sha512-YS+BA4P2aqp9qU7dcTQwsK56SOLJk7XDaFynnXg96obJOUVFiQ6Lfomq9em2dlB4uSjd7Z/gjriZdUY8S2CPQw==",
			"requires": {
				"@babel/runtime": "^7.11.2",
				"classnames": "^2.2.6",
				"rc-align": "^4.0.0",
				"rc-motion": "^2.0.0",
				"rc-util": "^5.19.2"
			}
		},
		"rc-upload": {
			"version": "4.3.3",
			"resolved": "https://registry.npmmirror.com/rc-upload/-/rc-upload-4.3.3.tgz",
			"integrity": "sha512-YoJ0phCRenMj1nzwalXzciKZ9/FAaCrFu84dS5pphwucTC8GUWClcDID/WWNGsLFcM97NqIboDqrV82rVRhW/w==",
			"requires": {
				"@babel/runtime": "^7.10.1",
				"classnames": "^2.2.5",
				"rc-util": "^5.2.0"
			}
		},
		"rc-util": {
			"version": "5.19.3",
			"resolved": "https://registry.npmmirror.com/rc-util/-/rc-util-5.19.3.tgz",
			"integrity": "sha512-S28epi9E2s7Nir05q8Ffl3hzDLwkavTGi0PGH1cTqCmkpG1AeBEuZgQDpksYeU6IgHcds5hWIPE5PUcdFiZl8w==",
			"requires": {
				"@babel/runtime": "^7.12.5",
				"react-is": "^16.12.0",
				"shallowequal": "^1.1.0"
			}
		},
		"rc-virtual-list": {
			"version": "3.4.4",
			"resolved": "https://registry.npmmirror.com/rc-virtual-list/-/rc-virtual-list-3.4.4.tgz",
			"integrity": "sha512-Zb2h0B+ZhA/aysZNEUkQYaqx0hd8hq7WMIUegII+1KfFjh99GtHZ4ZMWB+SlpdVadskKJZzUWWzIq5N1mE6AVg==",
			"requires": {
				"classnames": "^2.2.6",
				"rc-resize-observer": "^1.0.0",
				"rc-util": "^5.0.7"
			}
		},
		"react-is": {
			"version": "16.13.1",
			"resolved": "https://registry.npmmirror.com/react-is/-/react-is-16.13.1.tgz",
			"integrity": "sha512-24e6ynE2H+OKt4kqsOvNd8kBpV65zoxbA4BVsEOB3ARVWQki/DHzaUoC5KuON/BiccDaCCTZBuOcfZs70kR8bQ=="
		},
		"regenerator-runtime": {
			"version": "0.13.9",
			"resolved": "https://registry.npmmirror.com/regenerator-runtime/-/regenerator-runtime-0.13.9.tgz",
			"integrity": "sha512-p3VT+cOEgxFsRRA9X4lkI1E+k2/CtnKtU4gcxyaCUreilL/vqI6CdZ3wxVUx3UOUg+gnUOQQcRI7BmSI656MYA=="
		},
		"request": {
			"version": "2.81.0",
			"resolved": "https://registry.npmmirror.com/request/-/request-2.81.0.tgz",
			"integrity": "sha512-IZnsR7voF0miGSu29EXPRgPTuEsI/+aibNSBbN1pplrfartF5wDYGADz3iD9vmBVf2r00rckWZf8BtS5kk7Niw==",
			"optional": true,
			"requires": {
				"aws-sign2": "~0.6.0",
				"aws4": "^1.2.1",
				"caseless": "~0.12.0",
				"combined-stream": "~1.0.5",
				"extend": "~3.0.0",
				"forever-agent": "~0.6.1",
				"form-data": "~2.1.1",
				"har-validator": "~4.2.1",
				"hawk": "~3.1.3",
				"http-signature": "~1.1.0",
				"is-typedarray": "~1.0.0",
				"isstream": "~0.1.2",
				"json-stringify-safe": "~5.0.1",
				"mime-types": "~2.1.7",
				"oauth-sign": "~0.8.1",
				"performance-now": "^0.2.0",
				"qs": "~6.4.0",
				"safe-buffer": "^5.0.1",
				"stringstream": "~0.0.4",
				"tough-cookie": "~2.3.0",
				"tunnel-agent": "^0.6.0",
				"uuid": "^3.0.0"
			}
		},
		"resize-observer-polyfill": {
			"version": "1.5.1",
			"resolved": "https://registry.npmmirror.com/resize-observer-polyfill/-/resize-observer-polyfill-1.5.1.tgz",
			"integrity": "sha512-LwZrotdHOo12nQuZlHEmtuXdqGoOD0OhaxopaNFxWzInpEgaLWoVuAMbTzixuosCx2nEG58ngzW3vxdWoxIgdg=="
		},
		"safe-buffer": {
			"version": "5.2.1",
			"resolved": "https://registry.npmmirror.com/safe-buffer/-/safe-buffer-5.2.1.tgz",
			"integrity": "sha512-rp3So07KcdmmKbGvgaNxQSJr7bGVSVk5S9Eq1F+ppbRo70+YeaDxkw5Dd8NPN+GD6bjnYm2VuPuCXmpuYvmCXQ==",
			"optional": true
		},
		"safer-buffer": {
			"version": "2.1.2",
			"resolved": "https://registry.npmmirror.com/safer-buffer/-/safer-buffer-2.1.2.tgz",
			"integrity": "sha512-YZo3K82SD7Riyi0E1EQPojLz7kpepnSQI9IyPbHHg1XXXevb5dJI7tpyN2ADxGcQbHG7vcyRHk0cbwqcQriUtg==",
			"optional": true
		},
		"scroll-into-view-if-needed": {
			"version": "2.2.29",
			"resolved": "https://registry.npmmirror.com/scroll-into-view-if-needed/-/scroll-into-view-if-needed-2.2.29.tgz",
			"integrity": "sha512-hxpAR6AN+Gh53AdAimHM6C8oTN1ppwVZITihix+WqalywBeFcQ6LdQP5ABNl26nX8GTEL7VT+b8lKpdqq65wXg==",
			"requires": {
				"compute-scroll-into-view": "^1.0.17"
			}
		},
		"shallowequal": {
			"version": "1.1.0",
			"resolved": "https://registry.npmmirror.com/shallowequal/-/shallowequal-1.1.0.tgz",
			"integrity": "sha512-y0m1JoUZSlPAjXVtPPW70aZWfIL/dSP7AFkRnniLCrK/8MDKog3TySTBmckD+RObVxH0v4Tox67+F14PdED2oQ=="
		},
		"sntp": {
			"version": "1.0.9",
			"resolved": "https://registry.npmmirror.com/sntp/-/sntp-1.0.9.tgz",
			"integrity": "sha512-7bgVOAnPj3XjrKY577S+puCKGCRlUrcrEdsMeRXlg9Ghf5df/xNi6sONUa43WrHUd3TjJBF7O04jYoiY0FVa0A==",
			"optional": true,
			"requires": {
				"hoek": "2.x.x"
			}
		},
		"source-map": {
			"version": "0.5.7",
			"resolved": "https://registry.npmmirror.com/source-map/-/source-map-0.5.7.tgz",
			"integrity": "sha512-LbrmJOMUSdEVxIKvdcJzQC+nQhe8FUZQTXQy6+I75skNgn3OoQ0DZA8YnFa7gp8tqtL3KPf1kmo0R5DoApeSGQ==",
			"optional": true
		},
		"sshpk": {
			"version": "1.17.0",
			"resolved": "https://registry.npmmirror.com/sshpk/-/sshpk-1.17.0.tgz",
			"integrity": "sha512-/9HIEs1ZXGhSPE8X6Ccm7Nam1z8KcoCqPdI7ecm1N33EzAetWahvQWVqLZtaZQ+IDKX4IyA2o0gBzqIMkAagHQ==",
			"optional": true,
			"requires": {
				"asn1": "~0.2.3",
				"assert-plus": "^1.0.0",
				"bcrypt-pbkdf": "^1.0.0",
				"dashdash": "^1.12.0",
				"ecc-jsbn": "~0.1.1",
				"getpass": "^0.1.1",
				"jsbn": "~0.1.0",
				"safer-buffer": "^2.0.2",
				"tweetnacl": "~0.14.0"
			},
			"dependencies": {
				"assert-plus": {
					"version": "1.0.0",
					"resolved": "https://registry.npmmirror.com/assert-plus/-/assert-plus-1.0.0.tgz",
					"integrity": "sha512-NfJ4UzBCcQGLDlQq7nHxH+tv3kyZ0hHQqF5BO6J7tNJeP5do1llPr8dZ8zHonfhAu0PHAdMkSo+8o0wxg9lZWw==",
					"optional": true
				}
			}
		},
		"string-convert": {
			"version": "0.2.1",
			"resolved": "https://registry.npmmirror.com/string-convert/-/string-convert-0.2.1.tgz",
			"integrity": "sha512-u/1tdPl4yQnPBjnVrmdLo9gtuLvELKsAoRapekWggdiQNvvvum+jYF329d84NAa660KQw7pB2n36KrIKVoXa3A=="
		},
		"stringstream": {
			"version": "0.0.6",
			"resolved": "https://registry.npmmirror.com/stringstream/-/stringstream-0.0.6.tgz",
			"integrity": "sha512-87GEBAkegbBcweToUrdzf3eLhWNg06FJTebl4BVJz/JgWy8CvEr9dRtX5qWphiynMSQlxxi+QqN0z5T32SLlhA==",
			"optional": true
		},
		"toggle-selection": {
			"version": "1.0.6",
			"resolved": "https://registry.npmmirror.com/toggle-selection/-/toggle-selection-1.0.6.tgz",
			"integrity": "sha512-BiZS+C1OS8g/q2RRbJmy59xpyghNBqrr6k5L/uKBGRsTfxmu3ffiRnd8mlGPUVayg8pvfi5urfnu8TU7DVOkLQ=="
		},
		"tough-cookie": {
			"version": "2.3.4",
			"resolved": "https://registry.npmmirror.com/tough-cookie/-/tough-cookie-2.3.4.tgz",
			"integrity": "sha512-TZ6TTfI5NtZnuyy/Kecv+CnoROnyXn2DN97LontgQpCwsX2XyLYCC0ENhYkehSOwAp8rTQKc/NUIF7BkQ5rKLA==",
			"optional": true,
			"requires": {
				"punycode": "^1.4.1"
			}
		},
		"tunnel-agent": {
			"version": "0.6.0",
			"resolved": "https://registry.npmmirror.com/tunnel-agent/-/tunnel-agent-0.6.0.tgz",
			"integrity": "sha512-McnNiV1l8RYeY8tBgEpuodCC1mLUdbSN+CYBL7kJsJNInOP8UjDDEwdk6Mw60vdLLrr5NHKZhMAOSrR2NZuQ+w==",
			"optional": true,
			"requires": {
				"safe-buffer": "^5.0.1"
			}
		},
		"tweetnacl": {
			"version": "0.14.5",
			"resolved": "https://registry.npmmirror.com/tweetnacl/-/tweetnacl-0.14.5.tgz",
			"integrity": "sha512-KXXFFdAbFXY4geFIwoyNK+f5Z1b7swfXABfL7HXCmoIWMKU3dmS26672A4EeQtDzLKy7SXmfBu51JolvEKwtGA==",
			"optional": true
		},
		"uuid": {
			"version": "3.4.0",
			"resolved": "https://registry.npmmirror.com/uuid/-/uuid-3.4.0.tgz",
			"integrity": "sha512-HjSDRw6gZE5JMggctHBcjVak08+KEVhSIiDzFnT9S9aegmp85S/bReBVTb4QTFaRNptJ9kuYaNhnbNEOkbKb/A==",
			"optional": true
		},
		"verror": {
			"version": "1.10.0",
			"resolved": "https://registry.npmmirror.com/verror/-/verror-1.10.0.tgz",
			"integrity": "sha512-ZZKSmDAEFOijERBLkmYfJ+vmk3w+7hOLYDNkRCuRuMJGEmqYNCNLyBBFwWKVMhfwaEF3WOd0Zlw86U/WC/+nYw==",
			"optional": true,
			"requires": {
				"assert-plus": "^1.0.0",
				"core-util-is": "1.0.2",
				"extsprintf": "^1.2.0"
			},
			"dependencies": {
				"assert-plus": {
					"version": "1.0.0",
					"resolved": "https://registry.npmmirror.com/assert-plus/-/assert-plus-1.0.0.tgz",
					"integrity": "sha512-NfJ4UzBCcQGLDlQq7nHxH+tv3kyZ0hHQqF5BO6J7tNJeP5do1llPr8dZ8zHonfhAu0PHAdMkSo+8o0wxg9lZWw==",
					"optional": true
				}
			}
		},
		"warning": {
			"version": "4.0.3",
			"resolved": "https://registry.npmmirror.com/warning/-/warning-4.0.3.tgz",
			"integrity": "sha512-rpJyN222KWIvHJ/F53XSZv0Zl/accqHR8et1kpaMTD/fLCRxtV8iX8czMzY7sVZupTI3zcUTg8eycS2kNF9l6w==",
			"requires": {
				"loose-envify": "^1.0.0"
			}
		}
	}
}
