{
	"name": "ScatterChart",
	"version": "v1.0.0",
	"lockfileVersion": 1,
	"requires": true,
	"dependencies": {
		"echarts": {
			"version": "5.3.1",
			"resolved": "https://registry.npmmirror.com/echarts/-/echarts-5.3.1.tgz",
			"integrity": "sha512-nWdlbgX3OVY0hpqncSvp0gDt1FRSKWn7lsWEH+PHmfCuvE0QmSw17pczQvm8AvawnLEkmf1Cts7YwQJZNC0AEQ==",
			"requires": {
				"tslib": "2.3.0",
				"zrender": "5.3.1"
			}
		},
		"tslib": {
			"version": "2.3.0",
			"resolved": "https://registry.npmmirror.com/tslib/-/tslib-2.3.0.tgz",
			"integrity": "sha512-N82ooyxVNm6h1riLCoyS9e3fuJ3AMG2zIZs2Gd1ATcSFjSA23Q0fzjjZeh0jbJvWVDZ0cJT8yaNNaaXHzueNjg=="
		},
		"zrender": {
			"version": "5.3.1",
			"resolved": "https://registry.npmmirror.com/zrender/-/zrender-5.3.1.tgz",
			"integrity": "sha512-7olqIjy0gWfznKr6vgfnGBk7y4UtdMvdwFmK92vVQsQeDPyzkHW1OlrLEKg6GHz1W5ePf0FeN1q2vkl/HFqhXw==",
			"requires": {
				"tslib": "2.3.0"
			}
		}
	}
}
